#MicroXplorer Configuration settings - do not modify
File.Version=6
I2C1.Analog_Filter=I2C_ANALOGFILTER_DISABLE
I2C1.CustomTiming=Disabled
I2C1.DualAddressMode=I2C_DUALADDRESS_DISABLE
I2C1.GeneralCallMode=I2C_GENERALCALL_DISABLE
I2C1.I2C_Speed_Mode=I2C_Fast
I2C1.IPParameters=Timing,I2C_Speed_Mode,NoStretchMode,Analog_Filter,GeneralCallMode,DualAddressMode,OwnAddress,CustomTiming
I2C1.IPParametersWithoutCheck=OwnAddress
I2C1.NoStretchMode=I2C_NOSTRETCH_DISABLE
I2C1.OwnAddress=0x28
I2C1.Timing=0x00E072FF
KeepUserPlacement=false
Mcu.Family=STM32G4
Mcu.IP0=FDCAN3
Mcu.IP1=I2C1
Mcu.IP10=USART1
Mcu.IP11=USART3
Mcu.IP2=NVIC
Mcu.IP3=RCC
Mcu.IP4=SPI1
Mcu.IP5=SPI2
Mcu.IP6=SYS
Mcu.IP7=TIM2
Mcu.IP8=TIM4
Mcu.IP9=TIM5
Mcu.IPNb=12
Mcu.Name=STM32G474V(B-C-E)Hx
Mcu.Package=TFBGA100
Mcu.Pin0=PE4
Mcu.Pin1=PB9
Mcu.Pin10=PD7
Mcu.Pin11=PA15
Mcu.Pin12=PA14
Mcu.Pin13=PE6
Mcu.Pin14=PB4
Mcu.Pin15=PC11
Mcu.Pin16=PC10
Mcu.Pin17=PA13
Mcu.Pin18=PA10
Mcu.Pin19=PA9
Mcu.Pin2=PB8-BOOT0
Mcu.Pin20=PF0-OSC_IN
Mcu.Pin21=PF1-OSC_OUT
Mcu.Pin22=PF9
Mcu.Pin23=PC9
Mcu.Pin24=PC7
Mcu.Pin25=PC3
Mcu.Pin26=PA0
Mcu.Pin27=PD9
Mcu.Pin28=PD15
Mcu.Pin29=PA2
Mcu.Pin3=PB6
Mcu.Pin30=PA4
Mcu.Pin31=PB0
Mcu.Pin32=PE15
Mcu.Pin33=PB11
Mcu.Pin34=PB14
Mcu.Pin35=PD11
Mcu.Pin36=PA5
Mcu.Pin37=PA6
Mcu.Pin38=PC5
Mcu.Pin39=PB13
Mcu.Pin4=PB3
Mcu.Pin40=PD12
Mcu.Pin41=PA7
Mcu.Pin42=PC4
Mcu.Pin43=PB1
Mcu.Pin44=PE10
Mcu.Pin45=PE13
Mcu.Pin46=PB12
Mcu.Pin47=PB15
Mcu.Pin48=PD8
Mcu.Pin49=VP_SYS_VS_Systick
Mcu.Pin5=PD6
Mcu.Pin50=VP_SYS_VS_DBSignals
Mcu.Pin51=VP_TIM2_VS_ClockSourceINT
Mcu.Pin52=VP_TIM4_VS_ClockSourceINT
Mcu.Pin53=VP_TIM5_VS_ClockSourceINT
Mcu.Pin6=PD4
Mcu.Pin7=PC12
Mcu.Pin8=PE5
Mcu.Pin9=PE3
Mcu.PinsNb=54
Mcu.ThirdPartyNb=0
Mcu.UserConstants=
Mcu.UserName=STM32G474VEHx
MxCube.Version=5.4.0
MxDb.Version=DB.5.0.40
NVIC.BusFault_IRQn=true\:0\:0\:false\:false\:true\:false\:false
NVIC.DebugMonitor_IRQn=true\:0\:0\:false\:false\:true\:false\:false
NVIC.EXTI15_10_IRQn=true\:0\:0\:false\:false\:true\:true\:true
NVIC.EXTI9_5_IRQn=true\:0\:0\:false\:false\:true\:true\:true
NVIC.ForceEnableDMAVector=true
NVIC.HardFault_IRQn=true\:0\:0\:false\:false\:true\:false\:false
NVIC.MemoryManagement_IRQn=true\:0\:0\:false\:false\:true\:false\:false
NVIC.NonMaskableInt_IRQn=true\:0\:0\:false\:false\:true\:false\:false
NVIC.PendSV_IRQn=true\:0\:0\:false\:false\:true\:false\:false
NVIC.PriorityGroup=NVIC_PRIORITYGROUP_4
NVIC.SVCall_IRQn=true\:0\:0\:false\:false\:true\:false\:false
NVIC.SysTick_IRQn=true\:0\:0\:false\:false\:true\:false\:true
NVIC.TIM4_IRQn=true\:0\:0\:false\:false\:true\:true\:true
NVIC.UsageFault_IRQn=true\:0\:0\:false\:false\:true\:false\:false
PA0.GPIOParameters=GPIO_Speed,GPIO_Label
PA0.GPIO_Label=PWM7
PA0.GPIO_Speed=GPIO_SPEED_FREQ_VERY_HIGH
PA0.Locked=true
PA0.Signal=S_TIM5_CH1
PA10.GPIOParameters=GPIO_Label
PA10.GPIO_Label=GPSRX
PA10.Locked=true
PA10.Mode=Asynchronous
PA10.Signal=USART1_RX
PA13.Locked=true
PA13.Mode=Serial_Wire
PA13.Signal=SYS_JTMS-SWDIO
PA14.Locked=true
PA14.Mode=Serial_Wire
PA14.Signal=SYS_JTCK-SWCLK
PA15.GPIOParameters=GPIO_Speed,GPIO_Label
PA15.GPIO_Label=PWM5
PA15.GPIO_Speed=GPIO_SPEED_FREQ_VERY_HIGH
PA15.Locked=true
PA15.Signal=S_TIM2_CH1
PA2.GPIOParameters=GPIO_Speed,GPIO_Label
PA2.GPIO_Label=PWM8
PA2.GPIO_Speed=GPIO_SPEED_FREQ_VERY_HIGH
PA2.Locked=true
PA2.Signal=S_TIM5_CH3
PA4.GPIOParameters=GPIO_Speed,PinState,GPIO_Label
PA4.GPIO_Label=RF2NSS
PA4.GPIO_Speed=GPIO_SPEED_FREQ_VERY_HIGH
PA4.Locked=true
PA4.PinState=GPIO_PIN_SET
PA4.Signal=GPIO_Output
PA5.GPIOParameters=GPIO_Speed,GPIO_Label
PA5.GPIO_Label=RF2CLK
PA5.GPIO_Speed=GPIO_SPEED_FREQ_VERY_HIGH
PA5.Locked=true
PA5.Mode=Full_Duplex_Master
PA5.Signal=SPI1_SCK
PA6.GPIOParameters=GPIO_Speed,GPIO_Label
PA6.GPIO_Label=RF2MISO
PA6.GPIO_Speed=GPIO_SPEED_FREQ_VERY_HIGH
PA6.Locked=true
PA6.Mode=Full_Duplex_Master
PA6.Signal=SPI1_MISO
PA7.GPIOParameters=GPIO_Speed,GPIO_Label
PA7.GPIO_Label=RF2MOSI
PA7.GPIO_Speed=GPIO_SPEED_FREQ_VERY_HIGH
PA7.Locked=true
PA7.Mode=Full_Duplex_Master
PA7.Signal=SPI1_MOSI
PA9.GPIOParameters=GPIO_Label
PA9.GPIO_Label=GPSTX
PA9.Locked=true
PA9.Mode=Asynchronous
PA9.Signal=USART1_TX
PB0.GPIOParameters=GPIO_Label
PB0.GPIO_Label=RFPOWEREN
PB0.Locked=true
PB0.Signal=GPIO_Output
PB1.GPIOParameters=GPIO_Speed,GPIO_Label
PB1.GPIO_Label=RF2TXEN
PB1.GPIO_Speed=GPIO_SPEED_FREQ_VERY_HIGH
PB1.Locked=true
PB1.Signal=GPIO_Output
PB11.GPIOParameters=GPIO_Label
PB11.GPIO_Label=BNOINT
PB11.Locked=true
PB11.Signal=GPXTI11
PB12.GPIOParameters=GPIO_Speed,PinState,GPIO_Label
PB12.GPIO_Label=RF1NSS
PB12.GPIO_Speed=GPIO_SPEED_FREQ_VERY_HIGH
PB12.Locked=true
PB12.PinState=GPIO_PIN_SET
PB12.Signal=GPIO_Output
PB13.GPIOParameters=GPIO_Speed,GPIO_Label
PB13.GPIO_Label=RF1CLK
PB13.GPIO_Speed=GPIO_SPEED_FREQ_VERY_HIGH
PB13.Locked=true
PB13.Mode=Full_Duplex_Master
PB13.Signal=SPI2_SCK
PB14.GPIOParameters=GPIO_Speed,GPIO_Label
PB14.GPIO_Label=RF1MISO
PB14.GPIO_Speed=GPIO_SPEED_FREQ_VERY_HIGH
PB14.Locked=true
PB14.Mode=Full_Duplex_Master
PB14.Signal=SPI2_MISO
PB15.GPIOParameters=GPIO_Speed,GPIO_Label
PB15.GPIO_Label=RF1MOSI
PB15.GPIO_Speed=GPIO_SPEED_FREQ_VERY_HIGH
PB15.Locked=true
PB15.Mode=Full_Duplex_Master
PB15.Signal=SPI2_MOSI
PB3.GPIOParameters=GPIO_Speed,GPIO_Label
PB3.GPIO_Label=CANRX
PB3.GPIO_Speed=GPIO_SPEED_FREQ_VERY_HIGH
PB3.Locked=true
PB3.Mode=FDCANMaster
PB3.Signal=FDCAN3_RX
PB4.GPIOParameters=GPIO_Speed,GPIO_Label
PB4.GPIO_Label=CANTX
PB4.GPIO_Speed=GPIO_SPEED_FREQ_VERY_HIGH
PB4.Locked=true
PB4.Mode=FDCANMaster
PB4.Signal=FDCAN3_TX
PB6.GPIOParameters=GPIO_PuPd,GPIO_Label
PB6.GPIO_Label=TXMODE
PB6.GPIO_PuPd=GPIO_PULLUP
PB6.Locked=true
PB6.Signal=GPIO_Input
PB8-BOOT0.GPIOParameters=GPIO_Speed,GPIO_PuPdOD,GPIO_Label,GPIO_FM8
PB8-BOOT0.GPIO_FM8=SYSCFG_FASTMODEPLUS_PB8
PB8-BOOT0.GPIO_Label=SCL
PB8-BOOT0.GPIO_PuPdOD=GPIO_NOPULL
PB8-BOOT0.GPIO_Speed=GPIO_SPEED_FREQ_HIGH
PB8-BOOT0.Locked=true
PB8-BOOT0.Mode=I2C
PB8-BOOT0.Signal=I2C1_SCL
PB9.GPIOParameters=GPIO_Speed,GPIO_PuPdOD,GPIO_Label,GPIO_FM9
PB9.GPIO_FM9=SYSCFG_FASTMODEPLUS_PB9
PB9.GPIO_Label=SDA
PB9.GPIO_PuPdOD=GPIO_NOPULL
PB9.GPIO_Speed=GPIO_SPEED_FREQ_HIGH
PB9.Locked=true
PB9.Mode=I2C
PB9.Signal=I2C1_SDA
PC10.Locked=true
PC10.Mode=Half_duplex(single_wire_mode)
PC10.Signal=USART3_TX
PC11.Locked=true
PC11.Signal=USART3_RX
PC12.GPIOParameters=GPIO_Speed,GPIO_Label
PC12.GPIO_Label=PWM4
PC12.GPIO_Speed=GPIO_SPEED_FREQ_VERY_HIGH
PC12.Locked=true
PC12.Signal=S_TIM5_CH2
PC3.GPIOParameters=GPIO_Speed,GPIO_Label
PC3.GPIO_Label=RF2RXEN
PC3.GPIO_Speed=GPIO_SPEED_FREQ_VERY_HIGH
PC3.Locked=true
PC3.Signal=GPIO_Output
PC4.GPIOParameters=GPIO_Label
PC4.GPIO_Label=RF2BUSY
PC4.Locked=true
PC4.Signal=GPIO_Input
PC5.GPIOParameters=GPIO_Speed,PinState,GPIO_Label
PC5.GPIO_Label=RF2NRESET
PC5.GPIO_Speed=GPIO_SPEED_FREQ_VERY_HIGH
PC5.Locked=true
PC5.PinState=GPIO_PIN_SET
PC5.Signal=GPIO_Output
PC7.GPIOParameters=GPIO_Speed,GPIO_Label
PC7.GPIO_Label=PWMOE
PC7.GPIO_Speed=GPIO_SPEED_FREQ_HIGH
PC7.Locked=true
PC7.Signal=GPIO_Output
PC9.GPIOParameters=GPIO_Speed,GPIO_Label
PC9.GPIO_Label=GPSEN
PC9.GPIO_Speed=GPIO_SPEED_FREQ_HIGH
PC9.Locked=true
PC9.Signal=GPIO_Output
PCC.Checker=true
PCC.Line=STM32G4x4
PCC.MCU=STM32G474V(B-C-E)Hx
PCC.PartNumber=STM32G474VEHx
PCC.Seq0=0
PCC.Series=STM32G4
PCC.Temperature=25
PCC.Vdd=3.0
PD11.GPIOParameters=GPIO_Speed,PinState,GPIO_Label
PD11.GPIO_Label=RF1NRESET
PD11.GPIO_Speed=GPIO_SPEED_FREQ_VERY_HIGH
PD11.Locked=true
PD11.PinState=GPIO_PIN_SET
PD11.Signal=GPIO_Output
PD12.GPIOParameters=GPIO_Label
PD12.GPIO_Label=RF1BUSY
PD12.Locked=true
PD12.Signal=GPIO_Input
PD15.GPIOParameters=GPIO_Speed,GPIO_Label
PD15.GPIO_Label=RF1TXEN
PD15.GPIO_Speed=GPIO_SPEED_FREQ_VERY_HIGH
PD15.Locked=true
PD15.Signal=GPIO_Output
PD4.GPIOParameters=GPIO_Speed,GPIO_Label
PD4.GPIO_Label=PWM3
PD4.GPIO_Speed=GPIO_SPEED_FREQ_VERY_HIGH
PD4.Locked=true
PD4.Signal=S_TIM2_CH2
PD6.GPIOParameters=GPIO_Speed,GPIO_Label
PD6.GPIO_Label=PWM1
PD6.GPIO_Speed=GPIO_SPEED_FREQ_VERY_HIGH
PD6.Locked=true
PD6.Signal=S_TIM2_CH4
PD7.GPIOParameters=GPIO_Speed,GPIO_Label
PD7.GPIO_Label=PWM2
PD7.GPIO_Speed=GPIO_SPEED_FREQ_VERY_HIGH
PD7.Locked=true
PD7.Signal=S_TIM2_CH3
PD8.GPIOParameters=GPIO_Label
PD8.GPIO_Label=RF1IRQ
PD8.Locked=true
PD8.Signal=GPXTI8
PD9.GPIOParameters=GPIO_Label
PD9.GPIO_Label=BMPINT
PD9.Locked=true
PD9.Signal=GPXTI9
PE10.GPIOParameters=GPIO_Label
PE10.GPIO_Label=RF2IRQ
PE10.Locked=true
PE10.Signal=GPXTI10
PE13.GPIOParameters=GPIO_Speed,GPIO_Label
PE13.GPIO_Label=RF1RXEN
PE13.GPIO_Speed=GPIO_SPEED_FREQ_VERY_HIGH
PE13.Locked=true
PE13.Signal=GPIO_Output
PE15.GPIOParameters=GPIO_Speed,PinState,GPIO_Label
PE15.GPIO_Label=BNORESET
PE15.GPIO_Speed=GPIO_SPEED_FREQ_VERY_HIGH
PE15.Locked=true
PE15.PinState=GPIO_PIN_SET
PE15.Signal=GPIO_Output
PE3.GPIOParameters=PinState,GPIO_Label
PE3.GPIO_Label=LEDRED
PE3.Locked=true
PE3.PinState=GPIO_PIN_SET
PE3.Signal=GPIO_Output
PE4.GPIOParameters=PinState,GPIO_Label
PE4.GPIO_Label=LEDBLUE
PE4.Locked=true
PE4.PinState=GPIO_PIN_SET
PE4.Signal=GPIO_Output
PE5.GPIOParameters=PinState,GPIO_Label
PE5.GPIO_Label=LEDGREEN
PE5.Locked=true
PE5.PinState=GPIO_PIN_SET
PE5.Signal=GPIO_Output
PE6.GPIOParameters=GPIO_Speed,GPIO_Label
PE6.GPIO_Label=CANEN
PE6.GPIO_Speed=GPIO_SPEED_FREQ_VERY_HIGH
PE6.Locked=true
PE6.Signal=GPIO_Output
PF0-OSC_IN.Locked=true
PF0-OSC_IN.Mode=HSE-External-Oscillator
PF0-OSC_IN.Signal=RCC_OSC_IN
PF1-OSC_OUT.Locked=true
PF1-OSC_OUT.Mode=HSE-External-Oscillator
PF1-OSC_OUT.Signal=RCC_OSC_OUT
PF9.GPIOParameters=GPIO_Speed,GPIO_Label
PF9.GPIO_Label=PWM6
PF9.GPIO_Speed=GPIO_SPEED_FREQ_VERY_HIGH
PF9.Locked=true
PF9.Signal=S_TIM5_CH4
PinOutPanel.CurrentBGAView=Top
PinOutPanel.RotationAngle=0
ProjectManager.AskForMigrate=true
ProjectManager.BackupPrevious=true
ProjectManager.CompilerOptimize=6
ProjectManager.ComputerToolchain=false
ProjectManager.CoupleFile=true
ProjectManager.CustomerFirmwarePackage=
ProjectManager.DefaultFWLocation=true
ProjectManager.DeletePrevious=true
ProjectManager.DeviceId=STM32G474VEHx
ProjectManager.FirmwarePackage=STM32Cube FW_G4 V1.1.0
ProjectManager.FreePins=true
ProjectManager.HalAssertFull=false
ProjectManager.HeapSize=0x200
ProjectManager.KeepUserCode=true
ProjectManager.LastFirmware=true
ProjectManager.LibraryCopy=1
ProjectManager.MainLocation=Core/Src
ProjectManager.NoMain=false
ProjectManager.PreviousToolchain=
ProjectManager.ProjectBuild=false
ProjectManager.ProjectFileName=kapukiTRX-fw-trx.ioc
ProjectManager.ProjectName=kapukiTRX-fw-trx
ProjectManager.StackSize=0x400
ProjectManager.TargetToolchain=STM32CubeIDE
ProjectManager.ToolChainLocation=
ProjectManager.UnderRoot=true
ProjectManager.functionlistsort=1-SystemClock_Config-RCC-false-HAL-false,1-MX_GPIO_Init-GPIO-false-HAL-true,3-MX_SPI1_Init-SPI1-false-HAL-true,4-MX_TIM2_Init-TIM2-false-HAL-true,5-MX_TIM5_Init-TIM5-false-HAL-true,6-MX_SPI2_Init-SPI2-false-HAL-true,7-MX_FDCAN3_Init-FDCAN3-false-HAL-true,8-MX_I2C1_Init-I2C1-false-HAL-true,9-MX_USART1_UART_Init-USART1-false-HAL-true,10-MX_USART3_UART_Init-USART3-false-HAL-true,11-MX_TIM4_Init-TIM4-false-HAL-true
RCC.ADC12Freq_Value=150000000
RCC.ADC345Freq_Value=150000000
RCC.AHBFreq_Value=150000000
RCC.APB1Freq_Value=150000000
RCC.APB1TimFreq_Value=150000000
RCC.APB2Freq_Value=150000000
RCC.APB2TimFreq_Value=150000000
RCC.CRSFreq_Value=48000000
RCC.CortexFreq_Value=150000000
RCC.EXTERNAL_CLOCK_VALUE=12288000
RCC.FCLKCortexFreq_Value=150000000
RCC.FDCANFreq_Value=150000000
RCC.FamilyName=M
RCC.HCLKFreq_Value=150000000
RCC.HRTIM1Freq_Value=150000000
RCC.HSE_VALUE=16000000
RCC.HSI48_VALUE=48000000
RCC.HSI_VALUE=16000000
RCC.I2C1Freq_Value=150000000
RCC.I2C2Freq_Value=150000000
RCC.I2C3Freq_Value=150000000
RCC.I2C4Freq_Value=150000000
RCC.I2SFreq_Value=150000000
RCC.IPParameters=ADC12Freq_Value,ADC345Freq_Value,AHBFreq_Value,APB1Freq_Value,APB1TimFreq_Value,APB2Freq_Value,APB2TimFreq_Value,CRSFreq_Value,CortexFreq_Value,EXTERNAL_CLOCK_VALUE,FCLKCortexFreq_Value,FDCANFreq_Value,FamilyName,HCLKFreq_Value,HRTIM1Freq_Value,HSE_VALUE,HSI48_VALUE,HSI_VALUE,I2C1Freq_Value,I2C2Freq_Value,I2C3Freq_Value,I2C4Freq_Value,I2SFreq_Value,LPTIM1Freq_Value,LPUART1Freq_Value,LSCOPinFreq_Value,LSE_VALUE,LSI_VALUE,MCO1PinFreq_Value,PLLM,PLLN,PLLPoutputFreq_Value,PLLQoutputFreq_Value,PLLRCLKFreq_Value,PLLSourceVirtual,PWRFreq_Value,QSPIFreq_Value,RNGFreq_Value,SAI1Freq_Value,SYSCLKFreq_VALUE,SYSCLKSource,UART4Freq_Value,UART5Freq_Value,USART1Freq_Value,USART2Freq_Value,USART3Freq_Value,USBFreq_Value,VCOInputFreq_Value,VCOOutputFreq_Value
RCC.LPTIM1Freq_Value=150000000
RCC.LPUART1Freq_Value=150000000
RCC.LSCOPinFreq_Value=32000
RCC.LSE_VALUE=32768
RCC.LSI_VALUE=32000
RCC.MCO1PinFreq_Value=16000000
RCC.PLLM=RCC_PLLM_DIV4
RCC.PLLN=75
RCC.PLLPoutputFreq_Value=150000000
RCC.PLLQoutputFreq_Value=150000000
RCC.PLLRCLKFreq_Value=150000000
RCC.PLLSourceVirtual=RCC_PLLSOURCE_HSE
RCC.PWRFreq_Value=150000000
RCC.QSPIFreq_Value=150000000
RCC.RNGFreq_Value=150000000
RCC.SAI1Freq_Value=150000000
RCC.SYSCLKFreq_VALUE=150000000
RCC.SYSCLKSource=RCC_SYSCLKSOURCE_PLLCLK
RCC.UART4Freq_Value=150000000
RCC.UART5Freq_Value=150000000
RCC.USART1Freq_Value=150000000
RCC.USART2Freq_Value=150000000
RCC.USART3Freq_Value=150000000
RCC.USBFreq_Value=150000000
RCC.VCOInputFreq_Value=4000000
RCC.VCOOutputFreq_Value=300000000
SH.GPXTI10.0=GPIO_EXTI10
SH.GPXTI10.ConfNb=1
SH.GPXTI11.0=GPIO_EXTI11
SH.GPXTI11.ConfNb=1
SH.GPXTI8.0=GPIO_EXTI8
SH.GPXTI8.ConfNb=1
SH.GPXTI9.0=GPIO_EXTI9
SH.GPXTI9.ConfNb=1
SH.S_TIM2_CH1.0=TIM2_CH1,PWM Generation1 CH1
SH.S_TIM2_CH1.ConfNb=1
SH.S_TIM2_CH2.0=TIM2_CH2,PWM Generation2 CH2
SH.S_TIM2_CH2.ConfNb=1
SH.S_TIM2_CH3.0=TIM2_CH3,PWM Generation3 CH3
SH.S_TIM2_CH3.ConfNb=1
SH.S_TIM2_CH4.0=TIM2_CH4,PWM Generation4 CH4
SH.S_TIM2_CH4.ConfNb=1
SH.S_TIM5_CH1.0=TIM5_CH1,PWM Generation1 CH1
SH.S_TIM5_CH1.ConfNb=1
SH.S_TIM5_CH2.0=TIM5_CH2,PWM Generation2 CH2
SH.S_TIM5_CH2.ConfNb=1
SH.S_TIM5_CH3.0=TIM5_CH3,PWM Generation3 CH3
SH.S_TIM5_CH3.ConfNb=1
SH.S_TIM5_CH4.0=TIM5_CH4,PWM Generation4 CH4
SH.S_TIM5_CH4.ConfNb=1
SPI1.BaudRatePrescaler=SPI_BAUDRATEPRESCALER_16
SPI1.CalculateBaudRate=9.375 MBits/s
SPI1.DataSize=SPI_DATASIZE_8BIT
SPI1.Direction=SPI_DIRECTION_2LINES
SPI1.IPParameters=VirtualType,Mode,Direction,CalculateBaudRate,BaudRatePrescaler,DataSize,NSSPMode
SPI1.Mode=SPI_MODE_MASTER
SPI1.NSSPMode=SPI_NSS_PULSE_ENABLE
SPI1.VirtualType=VM_MASTER
SPI2.BaudRatePrescaler=SPI_BAUDRATEPRESCALER_16
SPI2.CalculateBaudRate=9.375 MBits/s
SPI2.DataSize=SPI_DATASIZE_8BIT
SPI2.Direction=SPI_DIRECTION_2LINES
SPI2.IPParameters=VirtualType,Mode,Direction,BaudRatePrescaler,CalculateBaudRate,DataSize,NSSPMode
SPI2.Mode=SPI_MODE_MASTER
SPI2.NSSPMode=SPI_NSS_PULSE_ENABLE
SPI2.VirtualType=VM_MASTER
TIM2.Channel-PWM\ Generation1\ CH1=TIM_CHANNEL_1
TIM2.Channel-PWM\ Generation2\ CH2=TIM_CHANNEL_2
TIM2.Channel-PWM\ Generation3\ CH3=TIM_CHANNEL_3
TIM2.Channel-PWM\ Generation4\ CH4=TIM_CHANNEL_4
TIM2.IPParameters=Channel-PWM Generation1 CH1,Channel-PWM Generation2 CH2,Channel-PWM Generation3 CH3,Channel-PWM Generation4 CH4,PulseNoDither_4,Prescaler,PeriodNoDither,PulseNoDither_3,PulseNoDither_2,PulseNoDither_1,TIM_MasterOutputTrigger,OC4Preload_PWM,OCFastMode_PWM-PWM Generation4 CH4,OCPolarity_1,OCPolarity_4,OCPolarity_3,OCPolarity_2,OCFastMode_PWM-PWM Generation2 CH2,OCFastMode_PWM-PWM Generation1 CH1,OCFastMode_PWM-PWM Generation3 CH3
TIM2.OC4Preload_PWM=ENABLE
TIM2.OCFastMode_PWM-PWM\ Generation1\ CH1=TIM_OCFAST_ENABLE
TIM2.OCFastMode_PWM-PWM\ Generation2\ CH2=TIM_OCFAST_ENABLE
TIM2.OCFastMode_PWM-PWM\ Generation3\ CH3=TIM_OCFAST_ENABLE
TIM2.OCFastMode_PWM-PWM\ Generation4\ CH4=TIM_OCFAST_ENABLE
TIM2.OCPolarity_1=TIM_OCPOLARITY_HIGH
TIM2.OCPolarity_2=TIM_OCPOLARITY_HIGH
TIM2.OCPolarity_3=TIM_OCPOLARITY_HIGH
TIM2.OCPolarity_4=TIM_OCPOLARITY_HIGH
TIM2.PeriodNoDither=19999
TIM2.Prescaler=119
TIM2.PulseNoDither_1=255
TIM2.PulseNoDither_2=255
TIM2.PulseNoDither_3=255
TIM2.PulseNoDither_4=255
TIM2.TIM_MasterOutputTrigger=TIM_TRGO_RESET
TIM4.IPParameters=Prescaler,PeriodNoDither
TIM4.PeriodNoDither=9999
TIM4.Prescaler=149
TIM5.Channel-PWM\ Generation1\ CH1=TIM_CHANNEL_1
TIM5.Channel-PWM\ Generation2\ CH2=TIM_CHANNEL_2
TIM5.Channel-PWM\ Generation3\ CH3=TIM_CHANNEL_3
TIM5.Channel-PWM\ Generation4\ CH4=TIM_CHANNEL_4
TIM5.IPParameters=Channel-PWM Generation1 CH1,Channel-PWM Generation2 CH2,Channel-PWM Generation3 CH3,Channel-PWM Generation4 CH4,Prescaler,PeriodNoDither,PulseNoDither_1,PulseNoDither_2,PulseNoDither_3,PulseNoDither_4,OCFastMode_PWM-PWM Generation2 CH2,OCFastMode_PWM-PWM Generation3 CH3,OCFastMode_PWM-PWM Generation4 CH4,OCFastMode_PWM-PWM Generation1 CH1,OC4Preload_PWM,OC3Preload_PWM,OC2Preload_PWM,OC1Preload_PWM
TIM5.OC1Preload_PWM=DISABLE
TIM5.OC2Preload_PWM=DISABLE
TIM5.OC3Preload_PWM=DISABLE
TIM5.OC4Preload_PWM=DISABLE
TIM5.OCFastMode_PWM-PWM\ Generation1\ CH1=TIM_OCFAST_ENABLE
TIM5.OCFastMode_PWM-PWM\ Generation2\ CH2=TIM_OCFAST_ENABLE
TIM5.OCFastMode_PWM-PWM\ Generation3\ CH3=TIM_OCFAST_ENABLE
TIM5.OCFastMode_PWM-PWM\ Generation4\ CH4=TIM_OCFAST_ENABLE
TIM5.PeriodNoDither=2399999
TIM5.Prescaler=0
TIM5.PulseNoDither_1=25500
TIM5.PulseNoDither_2=25500
TIM5.PulseNoDither_3=25500
TIM5.PulseNoDither_4=25500
USART1.IPParameters=VirtualMode-Asynchronous
USART1.VirtualMode-Asynchronous=VM_ASYNC
USART3.IPParameters=VirtualMode-Half_duplex(single_wire_mode),SwapParam
USART3.SwapParam=ADVFEATURE_SWAP_DISABLE
USART3.VirtualMode-Half_duplex(single_wire_mode)=VM_ASYNC
VP_SYS_VS_DBSignals.Mode=DisableDeadBatterySignals
VP_SYS_VS_DBSignals.Signal=SYS_VS_DBSignals
VP_SYS_VS_Systick.Mode=SysTick
VP_SYS_VS_Systick.Signal=SYS_VS_Systick
VP_TIM2_VS_ClockSourceINT.Mode=Internal
VP_TIM2_VS_ClockSourceINT.Signal=TIM2_VS_ClockSourceINT
VP_TIM4_VS_ClockSourceINT.Mode=Internal
VP_TIM4_VS_ClockSourceINT.Signal=TIM4_VS_ClockSourceINT
VP_TIM5_VS_ClockSourceINT.Mode=Internal
VP_TIM5_VS_ClockSourceINT.Signal=TIM5_VS_ClockSourceINT
board=custom
isbadioc=false
